
Microsoft Visual Studio Solution File, Format Version 12.00
# Visual Studio Version 16
VisualStudioVersion = 16.0.30225.117
MinimumVisualStudioVersion = 10.0.40219.1
Project("{2150E333-8FDC-42A3-9474-1A3956D46DE8}") = "Microservices", "Microservices", "{25D2D65E-A3B9-4A6F-A397-C92E2ABB8775}"
EndProject
Project("{2150E333-8FDC-42A3-9474-1A3956D46DE8}") = "Domain", "Domain", "{32E3886A-19D0-4C60-8B55-282B0014E8B3}"
EndProject
Project("{2150E333-8FDC-42A3-9474-1A3956D46DE8}") = "Infra.Bus", "Infra.Bus", "{C1F2A620-5A8D-4118-8CF6-49AC7BC7ED18}"
EndProject
Project("{2150E333-8FDC-42A3-9474-1A3956D46DE8}") = "Infra.IoC", "Infra.IoC", "{44D28D43-2C11-4552-AF3E-993E92948722}"
EndProject
Project("{2150E333-8FDC-42A3-9474-1A3956D46DE8}") = "Presentation", "Presentation", "{E72AC5B4-0722-4224-B601-9A2814B4CAF4}"
EndProject
Project("{FAE04EC0-301F-11D3-BF4B-00C04F79EFBC}") = "MicroRabbit.Domain.Core", "MicroRabbit.Domain.Core\MicroRabbit.Domain.Core.csproj", "{FFBCADE1-9F1C-4F01-9638-8267615AC330}"
EndProject
Project("{FAE04EC0-301F-11D3-BF4B-00C04F79EFBC}") = "MicroRabbit.Infra.Bus", "MicroRabbit.Infra.Bus\MicroRabbit.Infra.Bus.csproj", "{9512420B-5E56-46AA-9BE6-0C2272E023B3}"
EndProject
Project("{FAE04EC0-301F-11D3-BF4B-00C04F79EFBC}") = "MicroRabbit.Infra.IoC", "MicroRabbit.Infra.IoC\MicroRabbit.Infra.IoC.csproj", "{AAD183A2-D981-4451-89BD-A96F0A82A73B}"
EndProject
Project("{2150E333-8FDC-42A3-9474-1A3956D46DE8}") = "Banking", "Banking", "{F24DB54E-BC1C-45CD-8553-9BB7106D96FC}"
EndProject
Project("{2150E333-8FDC-42A3-9474-1A3956D46DE8}") = "Api", "Api", "{C22F106C-573D-4437-A9D0-CF2ADA0F60AC}"
EndProject
Project("{2150E333-8FDC-42A3-9474-1A3956D46DE8}") = "Domain", "Domain", "{32DC1649-66D5-4C41-B004-B33A9F04ECE3}"
EndProject
Project("{2150E333-8FDC-42A3-9474-1A3956D46DE8}") = "Application", "Application", "{49547900-AD37-4C8D-920E-F9DD966881C9}"
EndProject
Project("{2150E333-8FDC-42A3-9474-1A3956D46DE8}") = "Data", "Data", "{1EDF8AFA-9973-4EB5-BF75-38554132EC2C}"
EndProject
Project("{FAE04EC0-301F-11D3-BF4B-00C04F79EFBC}") = "MicroRabbit.Banking.Api", "MicroRabbit.Banking.Api\MicroRabbit.Banking.Api.csproj", "{D42737A2-8CE1-440A-83D5-9F9A2E6F0B05}"
EndProject
Project("{FAE04EC0-301F-11D3-BF4B-00C04F79EFBC}") = "MicroRabbit.Banking.Application", "MicroRabbit.Banking.Application\MicroRabbit.Banking.Application.csproj", "{02D00A8D-4687-4125-AAB1-738C46E80DC5}"
EndProject
Project("{FAE04EC0-301F-11D3-BF4B-00C04F79EFBC}") = "MicroRabbit.Banking.Data", "MicroRabbit.Banking.Data\MicroRabbit.Banking.Data.csproj", "{81AF766B-07DA-49BB-9EA7-5C2D241526F8}"
EndProject
Project("{FAE04EC0-301F-11D3-BF4B-00C04F79EFBC}") = "MicroRabbit.Banking.Domain", "MicroRabbit.Banking.Domain\MicroRabbit.Banking.Domain.csproj", "{84A365C4-3203-4B00-833A-F7ADA0672E34}"
EndProject
Project("{2150E333-8FDC-42A3-9474-1A3956D46DE8}") = "Transfer", "Transfer", "{D4374CC2-7426-45EF-8DE9-7444D2BC5823}"
EndProject
Project("{2150E333-8FDC-42A3-9474-1A3956D46DE8}") = "Api", "Api", "{858260D5-B13E-4C82-97A9-5CC9E1159C3A}"
EndProject
Project("{2150E333-8FDC-42A3-9474-1A3956D46DE8}") = "Application", "Application", "{8005D0D1-C2CC-4DC2-9D12-2EEB1D6BE59E}"
EndProject
Project("{2150E333-8FDC-42A3-9474-1A3956D46DE8}") = "Data", "Data", "{DB965B04-841D-48F4-92EF-C9A8884DB2A9}"
EndProject
Project("{2150E333-8FDC-42A3-9474-1A3956D46DE8}") = "Domain", "Domain", "{B90D6252-25C4-4183-851C-9450CF56B705}"
EndProject
Project("{FAE04EC0-301F-11D3-BF4B-00C04F79EFBC}") = "MicroRabbit.Transfer.Api", "MicroRabbit.Transfer.Api\MicroRabbit.Transfer.Api.csproj", "{26CA3A4D-47AC-46BD-94C4-735880372506}"
EndProject
Project("{FAE04EC0-301F-11D3-BF4B-00C04F79EFBC}") = "MicroRabbit.Transfer.Application", "MicroRabbit.Transfer.Application\MicroRabbit.Transfer.Application.csproj", "{A2F6FEB3-BC79-4656-A5E0-09B0441F41E5}"
EndProject
Project("{FAE04EC0-301F-11D3-BF4B-00C04F79EFBC}") = "MicroRabbit.Transfer.Data", "MicroRabbit.Transfer.Data\MicroRabbit.Transfer.Data.csproj", "{574C3F4A-CA13-4B5E-BD6B-64EB59214C73}"
EndProject
Project("{FAE04EC0-301F-11D3-BF4B-00C04F79EFBC}") = "MicroRabbit.Transfer.Domain", "MicroRabbit.Transfer.Domain\MicroRabbit.Transfer.Domain.csproj", "{C412F87E-74F7-4D4E-8D0C-B9A466962826}"
EndProject
Project("{FAE04EC0-301F-11D3-BF4B-00C04F79EFBC}") = "MicroRabbit.MVC", "MicroRabbit.MVC\MicroRabbit.MVC.csproj", "{D3A58177-8D2F-442C-BBF8-C91881212DB6}"
EndProject
Global
	GlobalSection(SolutionConfigurationPlatforms) = preSolution
		Debug|Any CPU = Debug|Any CPU
		Release|Any CPU = Release|Any CPU
	EndGlobalSection
	GlobalSection(ProjectConfigurationPlatforms) = postSolution
		{FFBCADE1-9F1C-4F01-9638-8267615AC330}.Debug|Any CPU.ActiveCfg = Debug|Any CPU
		{FFBCADE1-9F1C-4F01-9638-8267615AC330}.Debug|Any CPU.Build.0 = Debug|Any CPU
		{FFBCADE1-9F1C-4F01-9638-8267615AC330}.Release|Any CPU.ActiveCfg = Release|Any CPU
		{FFBCADE1-9F1C-4F01-9638-8267615AC330}.Release|Any CPU.Build.0 = Release|Any CPU
		{9512420B-5E56-46AA-9BE6-0C2272E023B3}.Debug|Any CPU.ActiveCfg = Debug|Any CPU
		{9512420B-5E56-46AA-9BE6-0C2272E023B3}.Debug|Any CPU.Build.0 = Debug|Any CPU
		{9512420B-5E56-46AA-9BE6-0C2272E023B3}.Release|Any CPU.ActiveCfg = Release|Any CPU
		{9512420B-5E56-46AA-9BE6-0C2272E023B3}.Release|Any CPU.Build.0 = Release|Any CPU
		{AAD183A2-D981-4451-89BD-A96F0A82A73B}.Debug|Any CPU.ActiveCfg = Debug|Any CPU
		{AAD183A2-D981-4451-89BD-A96F0A82A73B}.Debug|Any CPU.Build.0 = Debug|Any CPU
		{AAD183A2-D981-4451-89BD-A96F0A82A73B}.Release|Any CPU.ActiveCfg = Release|Any CPU
		{AAD183A2-D981-4451-89BD-A96F0A82A73B}.Release|Any CPU.Build.0 = Release|Any CPU
		{D42737A2-8CE1-440A-83D5-9F9A2E6F0B05}.Debug|Any CPU.ActiveCfg = Debug|Any CPU
		{D42737A2-8CE1-440A-83D5-9F9A2E6F0B05}.Debug|Any CPU.Build.0 = Debug|Any CPU
		{D42737A2-8CE1-440A-83D5-9F9A2E6F0B05}.Release|Any CPU.ActiveCfg = Release|Any CPU
		{D42737A2-8CE1-440A-83D5-9F9A2E6F0B05}.Release|Any CPU.Build.0 = Release|Any CPU
		{02D00A8D-4687-4125-AAB1-738C46E80DC5}.Debug|Any CPU.ActiveCfg = Debug|Any CPU
		{02D00A8D-4687-4125-AAB1-738C46E80DC5}.Debug|Any CPU.Build.0 = Debug|Any CPU
		{02D00A8D-4687-4125-AAB1-738C46E80DC5}.Release|Any CPU.ActiveCfg = Release|Any CPU
		{02D00A8D-4687-4125-AAB1-738C46E80DC5}.Release|Any CPU.Build.0 = Release|Any CPU
		{81AF766B-07DA-49BB-9EA7-5C2D241526F8}.Debug|Any CPU.ActiveCfg = Debug|Any CPU
		{81AF766B-07DA-49BB-9EA7-5C2D241526F8}.Debug|Any CPU.Build.0 = Debug|Any CPU
		{81AF766B-07DA-49BB-9EA7-5C2D241526F8}.Release|Any CPU.ActiveCfg = Release|Any CPU
		{81AF766B-07DA-49BB-9EA7-5C2D241526F8}.Release|Any CPU.Build.0 = Release|Any CPU
		{84A365C4-3203-4B00-833A-F7ADA0672E34}.Debug|Any CPU.ActiveCfg = Debug|Any CPU
		{84A365C4-3203-4B00-833A-F7ADA0672E34}.Debug|Any CPU.Build.0 = Debug|Any CPU
		{84A365C4-3203-4B00-833A-F7ADA0672E34}.Release|Any CPU.ActiveCfg = Release|Any CPU
		{84A365C4-3203-4B00-833A-F7ADA0672E34}.Release|Any CPU.Build.0 = Release|Any CPU
		{26CA3A4D-47AC-46BD-94C4-735880372506}.Debug|Any CPU.ActiveCfg = Debug|Any CPU
		{26CA3A4D-47AC-46BD-94C4-735880372506}.Debug|Any CPU.Build.0 = Debug|Any CPU
		{26CA3A4D-47AC-46BD-94C4-735880372506}.Release|Any CPU.ActiveCfg = Release|Any CPU
		{26CA3A4D-47AC-46BD-94C4-735880372506}.Release|Any CPU.Build.0 = Release|Any CPU
		{A2F6FEB3-BC79-4656-A5E0-09B0441F41E5}.Debug|Any CPU.ActiveCfg = Debug|Any CPU
		{A2F6FEB3-BC79-4656-A5E0-09B0441F41E5}.Debug|Any CPU.Build.0 = Debug|Any CPU
		{A2F6FEB3-BC79-4656-A5E0-09B0441F41E5}.Release|Any CPU.ActiveCfg = Release|Any CPU
		{A2F6FEB3-BC79-4656-A5E0-09B0441F41E5}.Release|Any CPU.Build.0 = Release|Any CPU
		{574C3F4A-CA13-4B5E-BD6B-64EB59214C73}.Debug|Any CPU.ActiveCfg = Debug|Any CPU
		{574C3F4A-CA13-4B5E-BD6B-64EB59214C73}.Debug|Any CPU.Build.0 = Debug|Any CPU
		{574C3F4A-CA13-4B5E-BD6B-64EB59214C73}.Release|Any CPU.ActiveCfg = Release|Any CPU
		{574C3F4A-CA13-4B5E-BD6B-64EB59214C73}.Release|Any CPU.Build.0 = Release|Any CPU
		{C412F87E-74F7-4D4E-8D0C-B9A466962826}.Debug|Any CPU.ActiveCfg = Debug|Any CPU
		{C412F87E-74F7-4D4E-8D0C-B9A466962826}.Debug|Any CPU.Build.0 = Debug|Any CPU
		{C412F87E-74F7-4D4E-8D0C-B9A466962826}.Release|Any CPU.ActiveCfg = Release|Any CPU
		{C412F87E-74F7-4D4E-8D0C-B9A466962826}.Release|Any CPU.Build.0 = Release|Any CPU
		{D3A58177-8D2F-442C-BBF8-C91881212DB6}.Debug|Any CPU.ActiveCfg = Debug|Any CPU
		{D3A58177-8D2F-442C-BBF8-C91881212DB6}.Debug|Any CPU.Build.0 = Debug|Any CPU
		{D3A58177-8D2F-442C-BBF8-C91881212DB6}.Release|Any CPU.ActiveCfg = Release|Any CPU
		{D3A58177-8D2F-442C-BBF8-C91881212DB6}.Release|Any CPU.Build.0 = Release|Any CPU
	EndGlobalSection
	GlobalSection(SolutionProperties) = preSolution
		HideSolutionNode = FALSE
	EndGlobalSection
	GlobalSection(NestedProjects) = preSolution
		{FFBCADE1-9F1C-4F01-9638-8267615AC330} = {32E3886A-19D0-4C60-8B55-282B0014E8B3}
		{9512420B-5E56-46AA-9BE6-0C2272E023B3} = {C1F2A620-5A8D-4118-8CF6-49AC7BC7ED18}
		{AAD183A2-D981-4451-89BD-A96F0A82A73B} = {44D28D43-2C11-4552-AF3E-993E92948722}
		{F24DB54E-BC1C-45CD-8553-9BB7106D96FC} = {25D2D65E-A3B9-4A6F-A397-C92E2ABB8775}
		{C22F106C-573D-4437-A9D0-CF2ADA0F60AC} = {F24DB54E-BC1C-45CD-8553-9BB7106D96FC}
		{32DC1649-66D5-4C41-B004-B33A9F04ECE3} = {F24DB54E-BC1C-45CD-8553-9BB7106D96FC}
		{49547900-AD37-4C8D-920E-F9DD966881C9} = {F24DB54E-BC1C-45CD-8553-9BB7106D96FC}
		{1EDF8AFA-9973-4EB5-BF75-38554132EC2C} = {F24DB54E-BC1C-45CD-8553-9BB7106D96FC}
		{D42737A2-8CE1-440A-83D5-9F9A2E6F0B05} = {C22F106C-573D-4437-A9D0-CF2ADA0F60AC}
		{02D00A8D-4687-4125-AAB1-738C46E80DC5} = {49547900-AD37-4C8D-920E-F9DD966881C9}
		{81AF766B-07DA-49BB-9EA7-5C2D241526F8} = {1EDF8AFA-9973-4EB5-BF75-38554132EC2C}
		{84A365C4-3203-4B00-833A-F7ADA0672E34} = {32DC1649-66D5-4C41-B004-B33A9F04ECE3}
		{D4374CC2-7426-45EF-8DE9-7444D2BC5823} = {25D2D65E-A3B9-4A6F-A397-C92E2ABB8775}
		{858260D5-B13E-4C82-97A9-5CC9E1159C3A} = {D4374CC2-7426-45EF-8DE9-7444D2BC5823}
		{8005D0D1-C2CC-4DC2-9D12-2EEB1D6BE59E} = {D4374CC2-7426-45EF-8DE9-7444D2BC5823}
		{DB965B04-841D-48F4-92EF-C9A8884DB2A9} = {D4374CC2-7426-45EF-8DE9-7444D2BC5823}
		{B90D6252-25C4-4183-851C-9450CF56B705} = {D4374CC2-7426-45EF-8DE9-7444D2BC5823}
		{26CA3A4D-47AC-46BD-94C4-735880372506} = {858260D5-B13E-4C82-97A9-5CC9E1159C3A}
		{A2F6FEB3-BC79-4656-A5E0-09B0441F41E5} = {8005D0D1-C2CC-4DC2-9D12-2EEB1D6BE59E}
		{574C3F4A-CA13-4B5E-BD6B-64EB59214C73} = {DB965B04-841D-48F4-92EF-C9A8884DB2A9}
		{C412F87E-74F7-4D4E-8D0C-B9A466962826} = {B90D6252-25C4-4183-851C-9450CF56B705}
		{D3A58177-8D2F-442C-BBF8-C91881212DB6} = {E72AC5B4-0722-4224-B601-9A2814B4CAF4}
	EndGlobalSection
	GlobalSection(ExtensibilityGlobals) = postSolution
		SolutionGuid = {D849D617-26FC-4C48-B478-012E79D4F4E6}
	EndGlobalSection
EndGlobal
