
Microsoft Visual Studio Solution File, Format Version 12.00
# Visual Studio Version 16
VisualStudioVersion = 16.0.30225.117
MinimumVisualStudioVersion = 10.0.40219.1
Project("{2150E333-8FDC-42A3-9474-1A3956D46DE8}") = "Microservices", "Microservices", "{25D2D65E-A3B9-4A6F-A397-C92E2ABB8775}"
EndProject
Project("{2150E333-8FDC-42A3-9474-1A3956D46DE8}") = "Domain", "Domain", "{32E3886A-19D0-4C60-8B55-282B0014E8B3}"
EndProject
Project("{2150E333-8FDC-42A3-9474-1A3956D46DE8}") = "Infra.Bus", "Infra.Bus", "{C1F2A620-5A8D-4118-8CF6-49AC7BC7ED18}"
EndProject
Project("{2150E333-8FDC-42A3-9474-1A3956D46DE8}") = "Infra.IoC", "Infra.IoC", "{44D28D43-2C11-4552-AF3E-993E92948722}"
EndProject
Project("{2150E333-8FDC-42A3-9474-1A3956D46DE8}") = "Presentation", "Presentation", "{E72AC5B4-0722-4224-B601-9A2814B4CAF4}"
EndProject
Project("{FAE04EC0-301F-11D3-BF4B-00C04F79EFBC}") = "MicroRabbit.Domain.Core", "MicroRabbit.Domain.Core\MicroRabbit.Domain.Core.csproj", "{FFBCADE1-9F1C-4F01-9638-8267615AC330}"
EndProject
Global
	GlobalSection(SolutionConfigurationPlatforms) = preSolution
		Debug|Any CPU = Debug|Any CPU
		Release|Any CPU = Release|Any CPU
	EndGlobalSection
	GlobalSection(ProjectConfigurationPlatforms) = postSolution
		{FFBCADE1-9F1C-4F01-9638-8267615AC330}.Debug|Any CPU.ActiveCfg = Debug|Any CPU
		{FFBCADE1-9F1C-4F01-9638-8267615AC330}.Debug|Any CPU.Build.0 = Debug|Any CPU
		{FFBCADE1-9F1C-4F01-9638-8267615AC330}.Release|Any CPU.ActiveCfg = Release|Any CPU
		{FFBCADE1-9F1C-4F01-9638-8267615AC330}.Release|Any CPU.Build.0 = Release|Any CPU
	EndGlobalSection
	GlobalSection(SolutionProperties) = preSolution
		HideSolutionNode = FALSE
	EndGlobalSection
	GlobalSection(NestedProjects) = preSolution
		{FFBCADE1-9F1C-4F01-9638-8267615AC330} = {32E3886A-19D0-4C60-8B55-282B0014E8B3}
	EndGlobalSection
	GlobalSection(ExtensibilityGlobals) = postSolution
		SolutionGuid = {D849D617-26FC-4C48-B478-012E79D4F4E6}
	EndGlobalSection
EndGlobal
